
Microsoft Visual Studio Solution File, Format Version 12.00
# Visual Studio 2013
VisualStudioVersion = 12.0.21005.1
MinimumVisualStudioVersion = 10.0.40219.1
Project("{FAE04EC0-301F-11D3-BF4B-00C04F79EFBC}") = "Nonocast.Connect", "Nonocast.Connect\Nonocast.Connect.csproj", "{55177EA6-BAC7-49E6-8C11-D548A97E5858}"
EndProject
Project("{FAE04EC0-301F-11D3-BF4B-00C04F79EFBC}") = "Nonocast.Connect.Shell", "Nonocast.Connect.Shell\Nonocast.Connect.Shell.csproj", "{DAFE89B3-C3C7-4149-8329-4A9A6129884A}"
EndProject
Project("{FAE04EC0-301F-11D3-BF4B-00C04F79EFBC}") = "Nonocast.Connect.WebSocket", "Nonocast.Connect.WebSocket\Nonocast.Connect.WebSocket.csproj", "{EA858DC5-B80F-4477-A9C8-3789EA621FC2}"
EndProject
Project("{FAE04EC0-301F-11D3-BF4B-00C04F79EFBC}") = "Nonocast.Connect.WebSocket.Shell", "Nonocast.Connect.WebSocket.Shell\Nonocast.Connect.WebSocket.Shell.csproj", "{32AAB29F-4870-420D-9B76-2CCE63B3A67A}"
EndProject
Project("{2150E333-8FDC-42A3-9474-1A3956D46DE8}") = "Document", "Document", "{75939329-9119-4B55-902F-0AC58F3B5393}"
	ProjectSection(SolutionItems) = preProject
		CHANGELOG.txt = CHANGELOG.txt
		Nuget.txt = Nuget.txt
	EndProjectSection
EndProject
Global
	GlobalSection(SolutionConfigurationPlatforms) = preSolution
		Debug|Any CPU = Debug|Any CPU
		Release|Any CPU = Release|Any CPU
	EndGlobalSection
	GlobalSection(ProjectConfigurationPlatforms) = postSolution
		{55177EA6-BAC7-49E6-8C11-D548A97E5858}.Debug|Any CPU.ActiveCfg = Debug|Any CPU
		{55177EA6-BAC7-49E6-8C11-D548A97E5858}.Debug|Any CPU.Build.0 = Debug|Any CPU
		{55177EA6-BAC7-49E6-8C11-D548A97E5858}.Release|Any CPU.ActiveCfg = Release|Any CPU
		{55177EA6-BAC7-49E6-8C11-D548A97E5858}.Release|Any CPU.Build.0 = Release|Any CPU
		{DAFE89B3-C3C7-4149-8329-4A9A6129884A}.Debug|Any CPU.ActiveCfg = Debug|Any CPU
		{DAFE89B3-C3C7-4149-8329-4A9A6129884A}.Debug|Any CPU.Build.0 = Debug|Any CPU
		{DAFE89B3-C3C7-4149-8329-4A9A6129884A}.Release|Any CPU.ActiveCfg = Release|Any CPU
		{DAFE89B3-C3C7-4149-8329-4A9A6129884A}.Release|Any CPU.Build.0 = Release|Any CPU
		{EA858DC5-B80F-4477-A9C8-3789EA621FC2}.Debug|Any CPU.ActiveCfg = Debug|Any CPU
		{EA858DC5-B80F-4477-A9C8-3789EA621FC2}.Debug|Any CPU.Build.0 = Debug|Any CPU
		{EA858DC5-B80F-4477-A9C8-3789EA621FC2}.Release|Any CPU.ActiveCfg = Release|Any CPU
		{EA858DC5-B80F-4477-A9C8-3789EA621FC2}.Release|Any CPU.Build.0 = Release|Any CPU
		{32AAB29F-4870-420D-9B76-2CCE63B3A67A}.Debug|Any CPU.ActiveCfg = Debug|Any CPU
		{32AAB29F-4870-420D-9B76-2CCE63B3A67A}.Debug|Any CPU.Build.0 = Debug|Any CPU
		{32AAB29F-4870-420D-9B76-2CCE63B3A67A}.Release|Any CPU.ActiveCfg = Release|Any CPU
		{32AAB29F-4870-420D-9B76-2CCE63B3A67A}.Release|Any CPU.Build.0 = Release|Any CPU
	EndGlobalSection
	GlobalSection(SolutionProperties) = preSolution
		HideSolutionNode = FALSE
	EndGlobalSection
EndGlobal
